
Microsoft Visual Studio Solution File, Format Version 12.00
# Visual Studio Version 17
VisualStudioVersion = 17.10.35122.118
MinimumVisualStudioVersion = 10.0.40219.1
Project("{9A19103F-16F7-4668-BE54-9A1E7A4F7556}") = "01_Intro_to_C-sharp", "01_Intro_to_C-sharp\01_Intro_to_C-sharp.csproj", "{16F694DD-C700-4B52-9B70-E3093ECF5AA6}"
EndProject
Project("{FAE04EC0-301F-11D3-BF4B-00C04F79EFBC}") = "01_Intro_to_C_sharp_ HW", "01_Intro_to_C_sharp_ HW\01_Intro_to_C_sharp_ HW.csproj", "{DDC6858E-E27D-45F2-8749-5486E78AAE04}"
EndProject
Project("{FAE04EC0-301F-11D3-BF4B-00C04F79EFBC}") = "02_Arrays", "02_Arrays\02_Arrays.csproj", "{A202ADF5-F448-4B33-BAF6-7232A267F1A5}"
EndProject
Project("{FAE04EC0-301F-11D3-BF4B-00C04F79EFBC}") = "02_Array_HW", "02_Array_HW\02_Array_HW.csproj", "{30CCA8A2-A415-4E3F-881B-B6E9C5C44738}"
EndProject
Global
	GlobalSection(SolutionConfigurationPlatforms) = preSolution
		Debug|Any CPU = Debug|Any CPU
		Release|Any CPU = Release|Any CPU
	EndGlobalSection
	GlobalSection(ProjectConfigurationPlatforms) = postSolution
		{16F694DD-C700-4B52-9B70-E3093ECF5AA6}.Debug|Any CPU.ActiveCfg = Debug|Any CPU
		{16F694DD-C700-4B52-9B70-E3093ECF5AA6}.Debug|Any CPU.Build.0 = Debug|Any CPU
		{16F694DD-C700-4B52-9B70-E3093ECF5AA6}.Release|Any CPU.ActiveCfg = Release|Any CPU
		{16F694DD-C700-4B52-9B70-E3093ECF5AA6}.Release|Any CPU.Build.0 = Release|Any CPU
		{DDC6858E-E27D-45F2-8749-5486E78AAE04}.Debug|Any CPU.ActiveCfg = Debug|Any CPU
		{DDC6858E-E27D-45F2-8749-5486E78AAE04}.Debug|Any CPU.Build.0 = Debug|Any CPU
		{DDC6858E-E27D-45F2-8749-5486E78AAE04}.Release|Any CPU.ActiveCfg = Release|Any CPU
		{DDC6858E-E27D-45F2-8749-5486E78AAE04}.Release|Any CPU.Build.0 = Release|Any CPU
		{A202ADF5-F448-4B33-BAF6-7232A267F1A5}.Debug|Any CPU.ActiveCfg = Debug|Any CPU
		{A202ADF5-F448-4B33-BAF6-7232A267F1A5}.Debug|Any CPU.Build.0 = Debug|Any CPU
		{A202ADF5-F448-4B33-BAF6-7232A267F1A5}.Release|Any CPU.ActiveCfg = Release|Any CPU
		{A202ADF5-F448-4B33-BAF6-7232A267F1A5}.Release|Any CPU.Build.0 = Release|Any CPU
		{30CCA8A2-A415-4E3F-881B-B6E9C5C44738}.Debug|Any CPU.ActiveCfg = Debug|Any CPU
		{30CCA8A2-A415-4E3F-881B-B6E9C5C44738}.Debug|Any CPU.Build.0 = Debug|Any CPU
		{30CCA8A2-A415-4E3F-881B-B6E9C5C44738}.Release|Any CPU.ActiveCfg = Release|Any CPU
		{30CCA8A2-A415-4E3F-881B-B6E9C5C44738}.Release|Any CPU.Build.0 = Release|Any CPU
	EndGlobalSection
	GlobalSection(SolutionProperties) = preSolution
		HideSolutionNode = FALSE
	EndGlobalSection
	GlobalSection(ExtensibilityGlobals) = postSolution
		SolutionGuid = {47956324-2706-4313-815F-1476E70FBE3A}
	EndGlobalSection
EndGlobal
