
Microsoft Visual Studio Solution File, Format Version 12.00
# Visual Studio Version 17
VisualStudioVersion = 17.10.35122.118
MinimumVisualStudioVersion = 10.0.40219.1
Project("{9A19103F-16F7-4668-BE54-9A1E7A4F7556}") = "01_Intro_to_C-sharp", "01_Intro_to_C-sharp\01_Intro_to_C-sharp.csproj", "{16F694DD-C700-4B52-9B70-E3093ECF5AA6}"
EndProject
Project("{9A19103F-16F7-4668-BE54-9A1E7A4F7556}") = "01_Intro_to_C_sharp_ HW", "01_Intro_to_C_sharp_ HW\01_Intro_to_C_sharp_ HW.csproj", "{DDC6858E-E27D-45F2-8749-5486E78AAE04}"
EndProject
Project("{9A19103F-16F7-4668-BE54-9A1E7A4F7556}") = "02_Arrays", "02_Arrays\02_Arrays.csproj", "{A202ADF5-F448-4B33-BAF6-7232A267F1A5}"
EndProject
Project("{9A19103F-16F7-4668-BE54-9A1E7A4F7556}") = "02_Array_HW", "02_Array_HW\02_Array_HW.csproj", "{30CCA8A2-A415-4E3F-881B-B6E9C5C44738}"
EndProject
Project("{9A19103F-16F7-4668-BE54-9A1E7A4F7556}") = "03_Array_Two_Dym", "03_Helpeir_Home\03_Array_Two_Dym.csproj", "{494C49D5-872D-4726-A71B-CF7DAC1D604F}"
EndProject
Project("{9A19103F-16F7-4668-BE54-9A1E7A4F7556}") = "04_String", "04_String\04_String.csproj", "{D25C379C-B716-428D-8A58-1EC54DD5EDD2}"
EndProject
Project("{9A19103F-16F7-4668-BE54-9A1E7A4F7556}") = "03_Mylty_Array_and_String_HW", "03_Mylty_Array_and_String_HW\03_Mylty_Array_and_String_HW.csproj", "{939C38D6-0478-43F7-8FFE-AD9A66B9E5FE}"
EndProject
Project("{9A19103F-16F7-4668-BE54-9A1E7A4F7556}") = "05_Class_intro)", "05_Class_intro)\05_Class_intro).csproj", "{3B342B3A-6B5B-47D0-BB76-990314CD6FCD}"
EndProject
Project("{9A19103F-16F7-4668-BE54-9A1E7A4F7556}") = "06_Static_class_fields_matods", "06_Static_class_fields_matods\06_Static_class_fields_matods.csproj", "{1BC08C42-1296-4813-930A-552D1E6EBEFD}"
EndProject
Project("{9A19103F-16F7-4668-BE54-9A1E7A4F7556}") = "05_Class_HW", "05_Class_HW\05_Class_HW.csproj", "{4091F578-A3F1-4867-9DF7-C0EADB93261C}"
EndProject
Project("{9A19103F-16F7-4668-BE54-9A1E7A4F7556}") = "07_Null_operator", "07_Null_operator\07_Null_operator.csproj", "{80A4A040-977C-4C8F-97E9-FA4D23D02916}"
EndProject
Project("{9A19103F-16F7-4668-BE54-9A1E7A4F7556}") = "08_Overload_operators", "08_Overload_operators\08_Overload_operators.csproj", "{617C1F8F-0DF8-458C-B028-BA122DCB0614}"
EndProject
Project("{9A19103F-16F7-4668-BE54-9A1E7A4F7556}") = "08_Overload_operators_HW", "08_Overload_operators_HW\08_Overload_operators_HW.csproj", "{5869967C-4020-4777-8302-18EC077DD40C}"
EndProject
Project("{9A19103F-16F7-4668-BE54-9A1E7A4F7556}") = "09_Matrix_indexer", "09_Matrix\09_Matrix_indexer.csproj", "{C51B0D28-2922-4DED-8F8E-1566598B7CFA}"
EndProject
Project("{9A19103F-16F7-4668-BE54-9A1E7A4F7556}") = "10_Exception", "10_Exception\10_Exception.csproj", "{68C4DB10-5515-4F50-A173-6B47814325EB}"
EndProject
Project("{9A19103F-16F7-4668-BE54-9A1E7A4F7556}") = "10_ExceptionHW", "10_ExceptionHW\10_ExceptionHW.csproj", "{00D2EB98-A8A5-45D5-8CDD-22BBA622A166}"
EndProject
Project("{9A19103F-16F7-4668-BE54-9A1E7A4F7556}") = "11_Inheritance", "11_Inheritance\11_Inheritance.csproj", "{B5A47E10-0B81-4C93-8F64-E29911332279}"
EndProject
Project("{9A19103F-16F7-4668-BE54-9A1E7A4F7556}") = "11_Inheritance_HW", "10_Inheritance_HW\11_Inheritance_HW.csproj", "{E988CBF7-BE63-4246-8239-FE1EFBF50FCA}"
EndProject
Project("{9A19103F-16F7-4668-BE54-9A1E7A4F7556}") = "12_Extension_Method", "12_Extension_Method\12_Extension_Method.csproj", "{8A350027-7BA0-4FB3-9454-4B6339B78D81}"
EndProject
Project("{9A19103F-16F7-4668-BE54-9A1E7A4F7556}") = "13_Interface", "13_Interface\13_Interface.csproj", "{E248BE3B-A560-4C27-9A1D-8B332DEF11DB}"
EndProject
Project("{9A19103F-16F7-4668-BE54-9A1E7A4F7556}") = "14_IClonable", "IClonable\14_IClonable.csproj", "{109EC7F7-AFDB-4DED-9FDE-6613B80A6423}"
EndProject
Project("{9A19103F-16F7-4668-BE54-9A1E7A4F7556}") = "14_IEnumerable", "14_IEnumerable\14_IEnumerable.csproj", "{A9C63408-A5D2-4F1A-A9D3-CC25504C9654}"
EndProject
Project("{9A19103F-16F7-4668-BE54-9A1E7A4F7556}") = "13_Intarface_HW", "13_Intarface_HW\13_Intarface_HW.csproj", "{9EE801F7-3EF4-4B33-810E-A25E623CEE85}"
EndProject
Project("{9A19103F-16F7-4668-BE54-9A1E7A4F7556}") = "15_Enum_Demo", "15_Enum_Demo\15_Enum_Demo.csproj", "{D4004F34-AD31-482B-BE93-0D7B303DA704}"
EndProject
Project("{9A19103F-16F7-4668-BE54-9A1E7A4F7556}") = "16_Structure_Demo", "16_Structure_Demo\16_Structure_Demo.csproj", "{CD6C5879-46FA-4963-9F51-7F116299578F}"
EndProject
Project("{9A19103F-16F7-4668-BE54-9A1E7A4F7556}") = "16_Struct_HW", "16_Struct_HW\16_Struct_HW.csproj", "{DEEB09F1-A267-46EA-8604-5DD3C7AAC955}"
EndProject
Project("{9A19103F-16F7-4668-BE54-9A1E7A4F7556}") = "17_Delegate", "17_Delegate\17_Delegate.csproj", "{66B01CD8-10C8-4487-9F66-28EA49FA4C43}"
EndProject
Project("{9A19103F-16F7-4668-BE54-9A1E7A4F7556}") = "18_Delegate_as_Params", "18_Delegate_as_Params\18_Delegate_as_Params.csproj", "{19006251-CC01-4C87-BC0F-AF3866CDC07C}"
EndProject
Project("{9A19103F-16F7-4668-BE54-9A1E7A4F7556}") = "19_Standart_Delegates", "19_Standart_Delegates\19_Standart_Delegates.csproj", "{C274E528-6C6E-4DF1-8342-027FE49562C2}"
EndProject
Project("{9A19103F-16F7-4668-BE54-9A1E7A4F7556}") = "17_Delegate_HW", "17_Delegate_HW\17_Delegate_HW.csproj", "{577B7856-499B-4994-A3D2-0E82216ACB53}"
EndProject
Project("{9A19103F-16F7-4668-BE54-9A1E7A4F7556}") = "20_Events", "20_Events\20_Events.csproj", "{CECCB4B0-F333-43F2-8A97-09F19A17FD80}"
EndProject
Project("{9A19103F-16F7-4668-BE54-9A1E7A4F7556}") = "21_EventHandler", "21_EventHandler\21_EventHandler.csproj", "{1EB31A95-00F4-4B00-AA5B-C7FD4E7D6BA3}"
EndProject
Project("{9A19103F-16F7-4668-BE54-9A1E7A4F7556}") = "20_Events_HW", "20_Events_HW\20_Events_HW.csproj", "{69CEB8FB-4594-42DB-88E3-AFA256D76466}"
EndProject
Project("{9A19103F-16F7-4668-BE54-9A1E7A4F7556}") = "21_Events_HW", "21_Events_HW\21_Events_HW.csproj", "{1DE0E1E1-440B-4C27-AB3C-A953FB39890F}"
EndProject
Project("{FAE04EC0-301F-11D3-BF4B-00C04F79EFBC}") = "22_Generics_Collection", "22_Generics_Collection\22_Generics_Collection.csproj", "{E17E944E-5107-4E5B-8089-894DCCDE0B1E}"
EndProject
Project("{FAE04EC0-301F-11D3-BF4B-00C04F79EFBC}") = "23_Generics_Stack", "23_Generics_Stack\23_Generics_Stack.csproj", "{4DF70082-3636-4F0C-B2BD-924E2636D5D8}"
EndProject
Project("{FAE04EC0-301F-11D3-BF4B-00C04F79EFBC}") = "24_ArrayList", "24_ArrayList\24_ArrayList.csproj", "{33F82AAE-CF07-439F-8AD3-DBBA95CD3761}"
EndProject
Project("{FAE04EC0-301F-11D3-BF4B-00C04F79EFBC}") = "24_Intro_to_Generics_Collection_HW", "24_Intro_to_Generics_Collection_HW\24_Intro_to_Generics_Collection_HW.csproj", "{97BA6695-7504-4025-B8D7-7D0734E8D6A4}"
EndProject
Project("{FAE04EC0-301F-11D3-BF4B-00C04F79EFBC}") = "25_SortedList", "25_SortedList\25_SortedList.csproj", "{475B844D-F394-4659-A237-8B6D7249C743}"
EndProject
Project("{FAE04EC0-301F-11D3-BF4B-00C04F79EFBC}") = "26_Dictionary", "26_Dictionary\26_Dictionary.csproj", "{8F3C1854-CBB3-4865-8758-34547FAB951B}"
EndProject
Project("{FAE04EC0-301F-11D3-BF4B-00C04F79EFBC}") = "26_Dictionary_HW", "26_Dictionary_HW\26_Dictionary_HW.csproj", "{3D2E9D9D-652D-4CAB-B0A1-494AAB148195}"
EndProject
Global
	GlobalSection(SolutionConfigurationPlatforms) = preSolution
		Debug|Any CPU = Debug|Any CPU
		Release|Any CPU = Release|Any CPU
	EndGlobalSection
	GlobalSection(ProjectConfigurationPlatforms) = postSolution
		{16F694DD-C700-4B52-9B70-E3093ECF5AA6}.Debug|Any CPU.ActiveCfg = Debug|Any CPU
		{16F694DD-C700-4B52-9B70-E3093ECF5AA6}.Debug|Any CPU.Build.0 = Debug|Any CPU
		{16F694DD-C700-4B52-9B70-E3093ECF5AA6}.Release|Any CPU.ActiveCfg = Release|Any CPU
		{16F694DD-C700-4B52-9B70-E3093ECF5AA6}.Release|Any CPU.Build.0 = Release|Any CPU
		{DDC6858E-E27D-45F2-8749-5486E78AAE04}.Debug|Any CPU.ActiveCfg = Debug|Any CPU
		{DDC6858E-E27D-45F2-8749-5486E78AAE04}.Debug|Any CPU.Build.0 = Debug|Any CPU
		{DDC6858E-E27D-45F2-8749-5486E78AAE04}.Release|Any CPU.ActiveCfg = Release|Any CPU
		{DDC6858E-E27D-45F2-8749-5486E78AAE04}.Release|Any CPU.Build.0 = Release|Any CPU
		{A202ADF5-F448-4B33-BAF6-7232A267F1A5}.Debug|Any CPU.ActiveCfg = Debug|Any CPU
		{A202ADF5-F448-4B33-BAF6-7232A267F1A5}.Debug|Any CPU.Build.0 = Debug|Any CPU
		{A202ADF5-F448-4B33-BAF6-7232A267F1A5}.Release|Any CPU.ActiveCfg = Release|Any CPU
		{A202ADF5-F448-4B33-BAF6-7232A267F1A5}.Release|Any CPU.Build.0 = Release|Any CPU
		{30CCA8A2-A415-4E3F-881B-B6E9C5C44738}.Debug|Any CPU.ActiveCfg = Debug|Any CPU
		{30CCA8A2-A415-4E3F-881B-B6E9C5C44738}.Debug|Any CPU.Build.0 = Debug|Any CPU
		{30CCA8A2-A415-4E3F-881B-B6E9C5C44738}.Release|Any CPU.ActiveCfg = Release|Any CPU
		{30CCA8A2-A415-4E3F-881B-B6E9C5C44738}.Release|Any CPU.Build.0 = Release|Any CPU
		{494C49D5-872D-4726-A71B-CF7DAC1D604F}.Debug|Any CPU.ActiveCfg = Debug|Any CPU
		{494C49D5-872D-4726-A71B-CF7DAC1D604F}.Debug|Any CPU.Build.0 = Debug|Any CPU
		{494C49D5-872D-4726-A71B-CF7DAC1D604F}.Release|Any CPU.ActiveCfg = Release|Any CPU
		{494C49D5-872D-4726-A71B-CF7DAC1D604F}.Release|Any CPU.Build.0 = Release|Any CPU
		{D25C379C-B716-428D-8A58-1EC54DD5EDD2}.Debug|Any CPU.ActiveCfg = Debug|Any CPU
		{D25C379C-B716-428D-8A58-1EC54DD5EDD2}.Debug|Any CPU.Build.0 = Debug|Any CPU
		{D25C379C-B716-428D-8A58-1EC54DD5EDD2}.Release|Any CPU.ActiveCfg = Release|Any CPU
		{D25C379C-B716-428D-8A58-1EC54DD5EDD2}.Release|Any CPU.Build.0 = Release|Any CPU
		{939C38D6-0478-43F7-8FFE-AD9A66B9E5FE}.Debug|Any CPU.ActiveCfg = Debug|Any CPU
		{939C38D6-0478-43F7-8FFE-AD9A66B9E5FE}.Debug|Any CPU.Build.0 = Debug|Any CPU
		{939C38D6-0478-43F7-8FFE-AD9A66B9E5FE}.Release|Any CPU.ActiveCfg = Release|Any CPU
		{939C38D6-0478-43F7-8FFE-AD9A66B9E5FE}.Release|Any CPU.Build.0 = Release|Any CPU
		{3B342B3A-6B5B-47D0-BB76-990314CD6FCD}.Debug|Any CPU.ActiveCfg = Debug|Any CPU
		{3B342B3A-6B5B-47D0-BB76-990314CD6FCD}.Debug|Any CPU.Build.0 = Debug|Any CPU
		{3B342B3A-6B5B-47D0-BB76-990314CD6FCD}.Release|Any CPU.ActiveCfg = Release|Any CPU
		{3B342B3A-6B5B-47D0-BB76-990314CD6FCD}.Release|Any CPU.Build.0 = Release|Any CPU
		{1BC08C42-1296-4813-930A-552D1E6EBEFD}.Debug|Any CPU.ActiveCfg = Debug|Any CPU
		{1BC08C42-1296-4813-930A-552D1E6EBEFD}.Debug|Any CPU.Build.0 = Debug|Any CPU
		{1BC08C42-1296-4813-930A-552D1E6EBEFD}.Release|Any CPU.ActiveCfg = Release|Any CPU
		{1BC08C42-1296-4813-930A-552D1E6EBEFD}.Release|Any CPU.Build.0 = Release|Any CPU
		{4091F578-A3F1-4867-9DF7-C0EADB93261C}.Debug|Any CPU.ActiveCfg = Debug|Any CPU
		{4091F578-A3F1-4867-9DF7-C0EADB93261C}.Debug|Any CPU.Build.0 = Debug|Any CPU
		{4091F578-A3F1-4867-9DF7-C0EADB93261C}.Release|Any CPU.ActiveCfg = Release|Any CPU
		{4091F578-A3F1-4867-9DF7-C0EADB93261C}.Release|Any CPU.Build.0 = Release|Any CPU
		{80A4A040-977C-4C8F-97E9-FA4D23D02916}.Debug|Any CPU.ActiveCfg = Debug|Any CPU
		{80A4A040-977C-4C8F-97E9-FA4D23D02916}.Debug|Any CPU.Build.0 = Debug|Any CPU
		{80A4A040-977C-4C8F-97E9-FA4D23D02916}.Release|Any CPU.ActiveCfg = Release|Any CPU
		{80A4A040-977C-4C8F-97E9-FA4D23D02916}.Release|Any CPU.Build.0 = Release|Any CPU
		{617C1F8F-0DF8-458C-B028-BA122DCB0614}.Debug|Any CPU.ActiveCfg = Debug|Any CPU
		{617C1F8F-0DF8-458C-B028-BA122DCB0614}.Debug|Any CPU.Build.0 = Debug|Any CPU
		{617C1F8F-0DF8-458C-B028-BA122DCB0614}.Release|Any CPU.ActiveCfg = Release|Any CPU
		{617C1F8F-0DF8-458C-B028-BA122DCB0614}.Release|Any CPU.Build.0 = Release|Any CPU
		{5869967C-4020-4777-8302-18EC077DD40C}.Debug|Any CPU.ActiveCfg = Debug|Any CPU
		{5869967C-4020-4777-8302-18EC077DD40C}.Debug|Any CPU.Build.0 = Debug|Any CPU
		{5869967C-4020-4777-8302-18EC077DD40C}.Release|Any CPU.ActiveCfg = Release|Any CPU
		{5869967C-4020-4777-8302-18EC077DD40C}.Release|Any CPU.Build.0 = Release|Any CPU
		{C51B0D28-2922-4DED-8F8E-1566598B7CFA}.Debug|Any CPU.ActiveCfg = Debug|Any CPU
		{C51B0D28-2922-4DED-8F8E-1566598B7CFA}.Debug|Any CPU.Build.0 = Debug|Any CPU
		{C51B0D28-2922-4DED-8F8E-1566598B7CFA}.Release|Any CPU.ActiveCfg = Release|Any CPU
		{C51B0D28-2922-4DED-8F8E-1566598B7CFA}.Release|Any CPU.Build.0 = Release|Any CPU
		{68C4DB10-5515-4F50-A173-6B47814325EB}.Debug|Any CPU.ActiveCfg = Debug|Any CPU
		{68C4DB10-5515-4F50-A173-6B47814325EB}.Debug|Any CPU.Build.0 = Debug|Any CPU
		{68C4DB10-5515-4F50-A173-6B47814325EB}.Release|Any CPU.ActiveCfg = Release|Any CPU
		{68C4DB10-5515-4F50-A173-6B47814325EB}.Release|Any CPU.Build.0 = Release|Any CPU
		{00D2EB98-A8A5-45D5-8CDD-22BBA622A166}.Debug|Any CPU.ActiveCfg = Debug|Any CPU
		{00D2EB98-A8A5-45D5-8CDD-22BBA622A166}.Debug|Any CPU.Build.0 = Debug|Any CPU
		{00D2EB98-A8A5-45D5-8CDD-22BBA622A166}.Release|Any CPU.ActiveCfg = Release|Any CPU
		{00D2EB98-A8A5-45D5-8CDD-22BBA622A166}.Release|Any CPU.Build.0 = Release|Any CPU
		{B5A47E10-0B81-4C93-8F64-E29911332279}.Debug|Any CPU.ActiveCfg = Debug|Any CPU
		{B5A47E10-0B81-4C93-8F64-E29911332279}.Debug|Any CPU.Build.0 = Debug|Any CPU
		{B5A47E10-0B81-4C93-8F64-E29911332279}.Release|Any CPU.ActiveCfg = Release|Any CPU
		{B5A47E10-0B81-4C93-8F64-E29911332279}.Release|Any CPU.Build.0 = Release|Any CPU
		{E988CBF7-BE63-4246-8239-FE1EFBF50FCA}.Debug|Any CPU.ActiveCfg = Debug|Any CPU
		{E988CBF7-BE63-4246-8239-FE1EFBF50FCA}.Debug|Any CPU.Build.0 = Debug|Any CPU
		{E988CBF7-BE63-4246-8239-FE1EFBF50FCA}.Release|Any CPU.ActiveCfg = Release|Any CPU
		{E988CBF7-BE63-4246-8239-FE1EFBF50FCA}.Release|Any CPU.Build.0 = Release|Any CPU
		{8A350027-7BA0-4FB3-9454-4B6339B78D81}.Debug|Any CPU.ActiveCfg = Debug|Any CPU
		{8A350027-7BA0-4FB3-9454-4B6339B78D81}.Debug|Any CPU.Build.0 = Debug|Any CPU
		{8A350027-7BA0-4FB3-9454-4B6339B78D81}.Release|Any CPU.ActiveCfg = Release|Any CPU
		{8A350027-7BA0-4FB3-9454-4B6339B78D81}.Release|Any CPU.Build.0 = Release|Any CPU
		{E248BE3B-A560-4C27-9A1D-8B332DEF11DB}.Debug|Any CPU.ActiveCfg = Debug|Any CPU
		{E248BE3B-A560-4C27-9A1D-8B332DEF11DB}.Debug|Any CPU.Build.0 = Debug|Any CPU
		{E248BE3B-A560-4C27-9A1D-8B332DEF11DB}.Release|Any CPU.ActiveCfg = Release|Any CPU
		{E248BE3B-A560-4C27-9A1D-8B332DEF11DB}.Release|Any CPU.Build.0 = Release|Any CPU
		{109EC7F7-AFDB-4DED-9FDE-6613B80A6423}.Debug|Any CPU.ActiveCfg = Debug|Any CPU
		{109EC7F7-AFDB-4DED-9FDE-6613B80A6423}.Debug|Any CPU.Build.0 = Debug|Any CPU
		{109EC7F7-AFDB-4DED-9FDE-6613B80A6423}.Release|Any CPU.ActiveCfg = Release|Any CPU
		{109EC7F7-AFDB-4DED-9FDE-6613B80A6423}.Release|Any CPU.Build.0 = Release|Any CPU
		{A9C63408-A5D2-4F1A-A9D3-CC25504C9654}.Debug|Any CPU.ActiveCfg = Debug|Any CPU
		{A9C63408-A5D2-4F1A-A9D3-CC25504C9654}.Debug|Any CPU.Build.0 = Debug|Any CPU
		{A9C63408-A5D2-4F1A-A9D3-CC25504C9654}.Release|Any CPU.ActiveCfg = Release|Any CPU
		{A9C63408-A5D2-4F1A-A9D3-CC25504C9654}.Release|Any CPU.Build.0 = Release|Any CPU
		{9EE801F7-3EF4-4B33-810E-A25E623CEE85}.Debug|Any CPU.ActiveCfg = Debug|Any CPU
		{9EE801F7-3EF4-4B33-810E-A25E623CEE85}.Debug|Any CPU.Build.0 = Debug|Any CPU
		{9EE801F7-3EF4-4B33-810E-A25E623CEE85}.Release|Any CPU.ActiveCfg = Release|Any CPU
		{9EE801F7-3EF4-4B33-810E-A25E623CEE85}.Release|Any CPU.Build.0 = Release|Any CPU
		{D4004F34-AD31-482B-BE93-0D7B303DA704}.Debug|Any CPU.ActiveCfg = Debug|Any CPU
		{D4004F34-AD31-482B-BE93-0D7B303DA704}.Debug|Any CPU.Build.0 = Debug|Any CPU
		{D4004F34-AD31-482B-BE93-0D7B303DA704}.Release|Any CPU.ActiveCfg = Release|Any CPU
		{D4004F34-AD31-482B-BE93-0D7B303DA704}.Release|Any CPU.Build.0 = Release|Any CPU
		{CD6C5879-46FA-4963-9F51-7F116299578F}.Debug|Any CPU.ActiveCfg = Debug|Any CPU
		{CD6C5879-46FA-4963-9F51-7F116299578F}.Debug|Any CPU.Build.0 = Debug|Any CPU
		{CD6C5879-46FA-4963-9F51-7F116299578F}.Release|Any CPU.ActiveCfg = Release|Any CPU
		{CD6C5879-46FA-4963-9F51-7F116299578F}.Release|Any CPU.Build.0 = Release|Any CPU
		{DEEB09F1-A267-46EA-8604-5DD3C7AAC955}.Debug|Any CPU.ActiveCfg = Debug|Any CPU
		{DEEB09F1-A267-46EA-8604-5DD3C7AAC955}.Debug|Any CPU.Build.0 = Debug|Any CPU
		{DEEB09F1-A267-46EA-8604-5DD3C7AAC955}.Release|Any CPU.ActiveCfg = Release|Any CPU
		{DEEB09F1-A267-46EA-8604-5DD3C7AAC955}.Release|Any CPU.Build.0 = Release|Any CPU
		{66B01CD8-10C8-4487-9F66-28EA49FA4C43}.Debug|Any CPU.ActiveCfg = Debug|Any CPU
		{66B01CD8-10C8-4487-9F66-28EA49FA4C43}.Debug|Any CPU.Build.0 = Debug|Any CPU
		{66B01CD8-10C8-4487-9F66-28EA49FA4C43}.Release|Any CPU.ActiveCfg = Release|Any CPU
		{66B01CD8-10C8-4487-9F66-28EA49FA4C43}.Release|Any CPU.Build.0 = Release|Any CPU
		{19006251-CC01-4C87-BC0F-AF3866CDC07C}.Debug|Any CPU.ActiveCfg = Debug|Any CPU
		{19006251-CC01-4C87-BC0F-AF3866CDC07C}.Debug|Any CPU.Build.0 = Debug|Any CPU
		{19006251-CC01-4C87-BC0F-AF3866CDC07C}.Release|Any CPU.ActiveCfg = Release|Any CPU
		{19006251-CC01-4C87-BC0F-AF3866CDC07C}.Release|Any CPU.Build.0 = Release|Any CPU
		{C274E528-6C6E-4DF1-8342-027FE49562C2}.Debug|Any CPU.ActiveCfg = Debug|Any CPU
		{C274E528-6C6E-4DF1-8342-027FE49562C2}.Debug|Any CPU.Build.0 = Debug|Any CPU
		{C274E528-6C6E-4DF1-8342-027FE49562C2}.Release|Any CPU.ActiveCfg = Release|Any CPU
		{C274E528-6C6E-4DF1-8342-027FE49562C2}.Release|Any CPU.Build.0 = Release|Any CPU
		{577B7856-499B-4994-A3D2-0E82216ACB53}.Debug|Any CPU.ActiveCfg = Debug|Any CPU
		{577B7856-499B-4994-A3D2-0E82216ACB53}.Debug|Any CPU.Build.0 = Debug|Any CPU
		{577B7856-499B-4994-A3D2-0E82216ACB53}.Release|Any CPU.ActiveCfg = Release|Any CPU
		{577B7856-499B-4994-A3D2-0E82216ACB53}.Release|Any CPU.Build.0 = Release|Any CPU
		{CECCB4B0-F333-43F2-8A97-09F19A17FD80}.Debug|Any CPU.ActiveCfg = Debug|Any CPU
		{CECCB4B0-F333-43F2-8A97-09F19A17FD80}.Debug|Any CPU.Build.0 = Debug|Any CPU
		{CECCB4B0-F333-43F2-8A97-09F19A17FD80}.Release|Any CPU.ActiveCfg = Release|Any CPU
		{CECCB4B0-F333-43F2-8A97-09F19A17FD80}.Release|Any CPU.Build.0 = Release|Any CPU
		{1EB31A95-00F4-4B00-AA5B-C7FD4E7D6BA3}.Debug|Any CPU.ActiveCfg = Debug|Any CPU
		{1EB31A95-00F4-4B00-AA5B-C7FD4E7D6BA3}.Debug|Any CPU.Build.0 = Debug|Any CPU
		{1EB31A95-00F4-4B00-AA5B-C7FD4E7D6BA3}.Release|Any CPU.ActiveCfg = Release|Any CPU
		{1EB31A95-00F4-4B00-AA5B-C7FD4E7D6BA3}.Release|Any CPU.Build.0 = Release|Any CPU
		{69CEB8FB-4594-42DB-88E3-AFA256D76466}.Debug|Any CPU.ActiveCfg = Debug|Any CPU
		{69CEB8FB-4594-42DB-88E3-AFA256D76466}.Debug|Any CPU.Build.0 = Debug|Any CPU
		{69CEB8FB-4594-42DB-88E3-AFA256D76466}.Release|Any CPU.ActiveCfg = Release|Any CPU
		{69CEB8FB-4594-42DB-88E3-AFA256D76466}.Release|Any CPU.Build.0 = Release|Any CPU
		{1DE0E1E1-440B-4C27-AB3C-A953FB39890F}.Debug|Any CPU.ActiveCfg = Debug|Any CPU
		{1DE0E1E1-440B-4C27-AB3C-A953FB39890F}.Debug|Any CPU.Build.0 = Debug|Any CPU
		{1DE0E1E1-440B-4C27-AB3C-A953FB39890F}.Release|Any CPU.ActiveCfg = Release|Any CPU
		{1DE0E1E1-440B-4C27-AB3C-A953FB39890F}.Release|Any CPU.Build.0 = Release|Any CPU
		{E17E944E-5107-4E5B-8089-894DCCDE0B1E}.Debug|Any CPU.ActiveCfg = Debug|Any CPU
		{E17E944E-5107-4E5B-8089-894DCCDE0B1E}.Debug|Any CPU.Build.0 = Debug|Any CPU
		{E17E944E-5107-4E5B-8089-894DCCDE0B1E}.Release|Any CPU.ActiveCfg = Release|Any CPU
		{E17E944E-5107-4E5B-8089-894DCCDE0B1E}.Release|Any CPU.Build.0 = Release|Any CPU
		{4DF70082-3636-4F0C-B2BD-924E2636D5D8}.Debug|Any CPU.ActiveCfg = Debug|Any CPU
		{4DF70082-3636-4F0C-B2BD-924E2636D5D8}.Debug|Any CPU.Build.0 = Debug|Any CPU
		{4DF70082-3636-4F0C-B2BD-924E2636D5D8}.Release|Any CPU.ActiveCfg = Release|Any CPU
		{4DF70082-3636-4F0C-B2BD-924E2636D5D8}.Release|Any CPU.Build.0 = Release|Any CPU
		{33F82AAE-CF07-439F-8AD3-DBBA95CD3761}.Debug|Any CPU.ActiveCfg = Debug|Any CPU
		{33F82AAE-CF07-439F-8AD3-DBBA95CD3761}.Debug|Any CPU.Build.0 = Debug|Any CPU
		{33F82AAE-CF07-439F-8AD3-DBBA95CD3761}.Release|Any CPU.ActiveCfg = Release|Any CPU
		{33F82AAE-CF07-439F-8AD3-DBBA95CD3761}.Release|Any CPU.Build.0 = Release|Any CPU
		{97BA6695-7504-4025-B8D7-7D0734E8D6A4}.Debug|Any CPU.ActiveCfg = Debug|Any CPU
		{97BA6695-7504-4025-B8D7-7D0734E8D6A4}.Debug|Any CPU.Build.0 = Debug|Any CPU
		{97BA6695-7504-4025-B8D7-7D0734E8D6A4}.Release|Any CPU.ActiveCfg = Release|Any CPU
		{97BA6695-7504-4025-B8D7-7D0734E8D6A4}.Release|Any CPU.Build.0 = Release|Any CPU
		{475B844D-F394-4659-A237-8B6D7249C743}.Debug|Any CPU.ActiveCfg = Debug|Any CPU
		{475B844D-F394-4659-A237-8B6D7249C743}.Debug|Any CPU.Build.0 = Debug|Any CPU
		{475B844D-F394-4659-A237-8B6D7249C743}.Release|Any CPU.ActiveCfg = Release|Any CPU
		{475B844D-F394-4659-A237-8B6D7249C743}.Release|Any CPU.Build.0 = Release|Any CPU
		{8F3C1854-CBB3-4865-8758-34547FAB951B}.Debug|Any CPU.ActiveCfg = Debug|Any CPU
		{8F3C1854-CBB3-4865-8758-34547FAB951B}.Debug|Any CPU.Build.0 = Debug|Any CPU
		{8F3C1854-CBB3-4865-8758-34547FAB951B}.Release|Any CPU.ActiveCfg = Release|Any CPU
		{8F3C1854-CBB3-4865-8758-34547FAB951B}.Release|Any CPU.Build.0 = Release|Any CPU
		{3D2E9D9D-652D-4CAB-B0A1-494AAB148195}.Debug|Any CPU.ActiveCfg = Debug|Any CPU
		{3D2E9D9D-652D-4CAB-B0A1-494AAB148195}.Debug|Any CPU.Build.0 = Debug|Any CPU
		{3D2E9D9D-652D-4CAB-B0A1-494AAB148195}.Release|Any CPU.ActiveCfg = Release|Any CPU
		{3D2E9D9D-652D-4CAB-B0A1-494AAB148195}.Release|Any CPU.Build.0 = Release|Any CPU
	EndGlobalSection
	GlobalSection(SolutionProperties) = preSolution
		HideSolutionNode = FALSE
	EndGlobalSection
	GlobalSection(ExtensibilityGlobals) = postSolution
		SolutionGuid = {47956324-2706-4313-815F-1476E70FBE3A}
	EndGlobalSection
EndGlobal
