
Microsoft Visual Studio Solution File, Format Version 12.00
# Visual Studio Version 17
VisualStudioVersion = 17.10.35122.118
MinimumVisualStudioVersion = 10.0.40219.1
Project("{9A19103F-16F7-4668-BE54-9A1E7A4F7556}") = "01_Intro_to_C-sharp", "01_Intro_to_C-sharp\01_Intro_to_C-sharp.csproj", "{16F694DD-C700-4B52-9B70-E3093ECF5AA6}"
EndProject
Project("{9A19103F-16F7-4668-BE54-9A1E7A4F7556}") = "01_Intro_to_C_sharp_ HW", "01_Intro_to_C_sharp_ HW\01_Intro_to_C_sharp_ HW.csproj", "{DDC6858E-E27D-45F2-8749-5486E78AAE04}"
EndProject
Project("{9A19103F-16F7-4668-BE54-9A1E7A4F7556}") = "02_Arrays", "02_Arrays\02_Arrays.csproj", "{A202ADF5-F448-4B33-BAF6-7232A267F1A5}"
EndProject
Project("{9A19103F-16F7-4668-BE54-9A1E7A4F7556}") = "02_Array_HW", "02_Array_HW\02_Array_HW.csproj", "{30CCA8A2-A415-4E3F-881B-B6E9C5C44738}"
EndProject
Project("{9A19103F-16F7-4668-BE54-9A1E7A4F7556}") = "03_Array_Two_Dym", "03_Helpeir_Home\03_Array_Two_Dym.csproj", "{494C49D5-872D-4726-A71B-CF7DAC1D604F}"
EndProject
Project("{9A19103F-16F7-4668-BE54-9A1E7A4F7556}") = "04_String", "04_String\04_String.csproj", "{D25C379C-B716-428D-8A58-1EC54DD5EDD2}"
EndProject
Project("{9A19103F-16F7-4668-BE54-9A1E7A4F7556}") = "03_Mylty_Array_and_String_HW", "03_Mylty_Array_and_String_HW\03_Mylty_Array_and_String_HW.csproj", "{939C38D6-0478-43F7-8FFE-AD9A66B9E5FE}"
EndProject
Project("{9A19103F-16F7-4668-BE54-9A1E7A4F7556}") = "05_Class_intro)", "05_Class_intro)\05_Class_intro).csproj", "{3B342B3A-6B5B-47D0-BB76-990314CD6FCD}"
EndProject
Project("{9A19103F-16F7-4668-BE54-9A1E7A4F7556}") = "06_Static_class_fields_matods", "06_Static_class_fields_matods\06_Static_class_fields_matods.csproj", "{1BC08C42-1296-4813-930A-552D1E6EBEFD}"
EndProject
Project("{9A19103F-16F7-4668-BE54-9A1E7A4F7556}") = "05_Class_HW", "05_Class_HW\05_Class_HW.csproj", "{4091F578-A3F1-4867-9DF7-C0EADB93261C}"
EndProject
Project("{9A19103F-16F7-4668-BE54-9A1E7A4F7556}") = "07_Null_operator", "07_Null_operator\07_Null_operator.csproj", "{80A4A040-977C-4C8F-97E9-FA4D23D02916}"
EndProject
Project("{9A19103F-16F7-4668-BE54-9A1E7A4F7556}") = "08_Overload_operators", "08_Overload_operators\08_Overload_operators.csproj", "{617C1F8F-0DF8-458C-B028-BA122DCB0614}"
EndProject
Project("{FAE04EC0-301F-11D3-BF4B-00C04F79EFBC}") = "08_Overload_operators_HW", "08_Overload_operators_HW\08_Overload_operators_HW.csproj", "{5869967C-4020-4777-8302-18EC077DD40C}"
EndProject
Project("{FAE04EC0-301F-11D3-BF4B-00C04F79EFBC}") = "09_Matrix_indexer", "09_Matrix\09_Matrix_indexer.csproj", "{C51B0D28-2922-4DED-8F8E-1566598B7CFA}"
EndProject
Project("{FAE04EC0-301F-11D3-BF4B-00C04F79EFBC}") = "10_Exception", "10_Exception\10_Exception.csproj", "{68C4DB10-5515-4F50-A173-6B47814325EB}"
EndProject
Project("{FAE04EC0-301F-11D3-BF4B-00C04F79EFBC}") = "10_ExceptionHW", "10_ExceptionHW\10_ExceptionHW.csproj", "{00D2EB98-A8A5-45D5-8CDD-22BBA622A166}"
EndProject
Project("{FAE04EC0-301F-11D3-BF4B-00C04F79EFBC}") = "11_Inheritance", "11_Inheritance\11_Inheritance.csproj", "{B5A47E10-0B81-4C93-8F64-E29911332279}"
EndProject
Project("{FAE04EC0-301F-11D3-BF4B-00C04F79EFBC}") = "11_Inheritance_HW", "10_Inheritance_HW\11_Inheritance_HW.csproj", "{E988CBF7-BE63-4246-8239-FE1EFBF50FCA}"
EndProject
Project("{FAE04EC0-301F-11D3-BF4B-00C04F79EFBC}") = "12_Extension_Method", "12_Extension_Method\12_Extension_Method.csproj", "{8A350027-7BA0-4FB3-9454-4B6339B78D81}"
EndProject
Project("{FAE04EC0-301F-11D3-BF4B-00C04F79EFBC}") = "13_Interface", "13_Interface\13_Interface.csproj", "{E248BE3B-A560-4C27-9A1D-8B332DEF11DB}"
EndProject
Project("{FAE04EC0-301F-11D3-BF4B-00C04F79EFBC}") = "14_IClonable", "IClonable\14_IClonable.csproj", "{109EC7F7-AFDB-4DED-9FDE-6613B80A6423}"
EndProject
Project("{FAE04EC0-301F-11D3-BF4B-00C04F79EFBC}") = "14_IEnumerable", "14_IEnumerable\14_IEnumerable.csproj", "{A9C63408-A5D2-4F1A-A9D3-CC25504C9654}"
EndProject
Project("{FAE04EC0-301F-11D3-BF4B-00C04F79EFBC}") = "13_Intarface_HW", "13_Intarface_HW\13_Intarface_HW.csproj", "{9EE801F7-3EF4-4B33-810E-A25E623CEE85}"
EndProject
Project("{FAE04EC0-301F-11D3-BF4B-00C04F79EFBC}") = "15_Enum_Demo", "15_Enum_Demo\15_Enum_Demo.csproj", "{D4004F34-AD31-482B-BE93-0D7B303DA704}"
EndProject
Project("{FAE04EC0-301F-11D3-BF4B-00C04F79EFBC}") = "16_Structure_Demo", "16_Structure_Demo\16_Structure_Demo.csproj", "{CD6C5879-46FA-4963-9F51-7F116299578F}"
EndProject
Project("{FAE04EC0-301F-11D3-BF4B-00C04F79EFBC}") = "16_Struct_HW", "16_Struct_HW\16_Struct_HW.csproj", "{DEEB09F1-A267-46EA-8604-5DD3C7AAC955}"
EndProject
Global
	GlobalSection(SolutionConfigurationPlatforms) = preSolution
		Debug|Any CPU = Debug|Any CPU
		Release|Any CPU = Release|Any CPU
	EndGlobalSection
	GlobalSection(ProjectConfigurationPlatforms) = postSolution
		{16F694DD-C700-4B52-9B70-E3093ECF5AA6}.Debug|Any CPU.ActiveCfg = Debug|Any CPU
		{16F694DD-C700-4B52-9B70-E3093ECF5AA6}.Debug|Any CPU.Build.0 = Debug|Any CPU
		{16F694DD-C700-4B52-9B70-E3093ECF5AA6}.Release|Any CPU.ActiveCfg = Release|Any CPU
		{16F694DD-C700-4B52-9B70-E3093ECF5AA6}.Release|Any CPU.Build.0 = Release|Any CPU
		{DDC6858E-E27D-45F2-8749-5486E78AAE04}.Debug|Any CPU.ActiveCfg = Debug|Any CPU
		{DDC6858E-E27D-45F2-8749-5486E78AAE04}.Debug|Any CPU.Build.0 = Debug|Any CPU
		{DDC6858E-E27D-45F2-8749-5486E78AAE04}.Release|Any CPU.ActiveCfg = Release|Any CPU
		{DDC6858E-E27D-45F2-8749-5486E78AAE04}.Release|Any CPU.Build.0 = Release|Any CPU
		{A202ADF5-F448-4B33-BAF6-7232A267F1A5}.Debug|Any CPU.ActiveCfg = Debug|Any CPU
		{A202ADF5-F448-4B33-BAF6-7232A267F1A5}.Debug|Any CPU.Build.0 = Debug|Any CPU
		{A202ADF5-F448-4B33-BAF6-7232A267F1A5}.Release|Any CPU.ActiveCfg = Release|Any CPU
		{A202ADF5-F448-4B33-BAF6-7232A267F1A5}.Release|Any CPU.Build.0 = Release|Any CPU
		{30CCA8A2-A415-4E3F-881B-B6E9C5C44738}.Debug|Any CPU.ActiveCfg = Debug|Any CPU
		{30CCA8A2-A415-4E3F-881B-B6E9C5C44738}.Debug|Any CPU.Build.0 = Debug|Any CPU
		{30CCA8A2-A415-4E3F-881B-B6E9C5C44738}.Release|Any CPU.ActiveCfg = Release|Any CPU
		{30CCA8A2-A415-4E3F-881B-B6E9C5C44738}.Release|Any CPU.Build.0 = Release|Any CPU
		{494C49D5-872D-4726-A71B-CF7DAC1D604F}.Debug|Any CPU.ActiveCfg = Debug|Any CPU
		{494C49D5-872D-4726-A71B-CF7DAC1D604F}.Debug|Any CPU.Build.0 = Debug|Any CPU
		{494C49D5-872D-4726-A71B-CF7DAC1D604F}.Release|Any CPU.ActiveCfg = Release|Any CPU
		{494C49D5-872D-4726-A71B-CF7DAC1D604F}.Release|Any CPU.Build.0 = Release|Any CPU
		{D25C379C-B716-428D-8A58-1EC54DD5EDD2}.Debug|Any CPU.ActiveCfg = Debug|Any CPU
		{D25C379C-B716-428D-8A58-1EC54DD5EDD2}.Debug|Any CPU.Build.0 = Debug|Any CPU
		{D25C379C-B716-428D-8A58-1EC54DD5EDD2}.Release|Any CPU.ActiveCfg = Release|Any CPU
		{D25C379C-B716-428D-8A58-1EC54DD5EDD2}.Release|Any CPU.Build.0 = Release|Any CPU
		{939C38D6-0478-43F7-8FFE-AD9A66B9E5FE}.Debug|Any CPU.ActiveCfg = Debug|Any CPU
		{939C38D6-0478-43F7-8FFE-AD9A66B9E5FE}.Debug|Any CPU.Build.0 = Debug|Any CPU
		{939C38D6-0478-43F7-8FFE-AD9A66B9E5FE}.Release|Any CPU.ActiveCfg = Release|Any CPU
		{939C38D6-0478-43F7-8FFE-AD9A66B9E5FE}.Release|Any CPU.Build.0 = Release|Any CPU
		{3B342B3A-6B5B-47D0-BB76-990314CD6FCD}.Debug|Any CPU.ActiveCfg = Debug|Any CPU
		{3B342B3A-6B5B-47D0-BB76-990314CD6FCD}.Debug|Any CPU.Build.0 = Debug|Any CPU
		{3B342B3A-6B5B-47D0-BB76-990314CD6FCD}.Release|Any CPU.ActiveCfg = Release|Any CPU
		{3B342B3A-6B5B-47D0-BB76-990314CD6FCD}.Release|Any CPU.Build.0 = Release|Any CPU
		{1BC08C42-1296-4813-930A-552D1E6EBEFD}.Debug|Any CPU.ActiveCfg = Debug|Any CPU
		{1BC08C42-1296-4813-930A-552D1E6EBEFD}.Debug|Any CPU.Build.0 = Debug|Any CPU
		{1BC08C42-1296-4813-930A-552D1E6EBEFD}.Release|Any CPU.ActiveCfg = Release|Any CPU
		{1BC08C42-1296-4813-930A-552D1E6EBEFD}.Release|Any CPU.Build.0 = Release|Any CPU
		{4091F578-A3F1-4867-9DF7-C0EADB93261C}.Debug|Any CPU.ActiveCfg = Debug|Any CPU
		{4091F578-A3F1-4867-9DF7-C0EADB93261C}.Debug|Any CPU.Build.0 = Debug|Any CPU
		{4091F578-A3F1-4867-9DF7-C0EADB93261C}.Release|Any CPU.ActiveCfg = Release|Any CPU
		{4091F578-A3F1-4867-9DF7-C0EADB93261C}.Release|Any CPU.Build.0 = Release|Any CPU
		{80A4A040-977C-4C8F-97E9-FA4D23D02916}.Debug|Any CPU.ActiveCfg = Debug|Any CPU
		{80A4A040-977C-4C8F-97E9-FA4D23D02916}.Debug|Any CPU.Build.0 = Debug|Any CPU
		{80A4A040-977C-4C8F-97E9-FA4D23D02916}.Release|Any CPU.ActiveCfg = Release|Any CPU
		{80A4A040-977C-4C8F-97E9-FA4D23D02916}.Release|Any CPU.Build.0 = Release|Any CPU
		{617C1F8F-0DF8-458C-B028-BA122DCB0614}.Debug|Any CPU.ActiveCfg = Debug|Any CPU
		{617C1F8F-0DF8-458C-B028-BA122DCB0614}.Debug|Any CPU.Build.0 = Debug|Any CPU
		{617C1F8F-0DF8-458C-B028-BA122DCB0614}.Release|Any CPU.ActiveCfg = Release|Any CPU
		{617C1F8F-0DF8-458C-B028-BA122DCB0614}.Release|Any CPU.Build.0 = Release|Any CPU
		{5869967C-4020-4777-8302-18EC077DD40C}.Debug|Any CPU.ActiveCfg = Debug|Any CPU
		{5869967C-4020-4777-8302-18EC077DD40C}.Debug|Any CPU.Build.0 = Debug|Any CPU
		{5869967C-4020-4777-8302-18EC077DD40C}.Release|Any CPU.ActiveCfg = Release|Any CPU
		{5869967C-4020-4777-8302-18EC077DD40C}.Release|Any CPU.Build.0 = Release|Any CPU
		{C51B0D28-2922-4DED-8F8E-1566598B7CFA}.Debug|Any CPU.ActiveCfg = Debug|Any CPU
		{C51B0D28-2922-4DED-8F8E-1566598B7CFA}.Debug|Any CPU.Build.0 = Debug|Any CPU
		{C51B0D28-2922-4DED-8F8E-1566598B7CFA}.Release|Any CPU.ActiveCfg = Release|Any CPU
		{C51B0D28-2922-4DED-8F8E-1566598B7CFA}.Release|Any CPU.Build.0 = Release|Any CPU
		{68C4DB10-5515-4F50-A173-6B47814325EB}.Debug|Any CPU.ActiveCfg = Debug|Any CPU
		{68C4DB10-5515-4F50-A173-6B47814325EB}.Debug|Any CPU.Build.0 = Debug|Any CPU
		{68C4DB10-5515-4F50-A173-6B47814325EB}.Release|Any CPU.ActiveCfg = Release|Any CPU
		{68C4DB10-5515-4F50-A173-6B47814325EB}.Release|Any CPU.Build.0 = Release|Any CPU
		{00D2EB98-A8A5-45D5-8CDD-22BBA622A166}.Debug|Any CPU.ActiveCfg = Debug|Any CPU
		{00D2EB98-A8A5-45D5-8CDD-22BBA622A166}.Debug|Any CPU.Build.0 = Debug|Any CPU
		{00D2EB98-A8A5-45D5-8CDD-22BBA622A166}.Release|Any CPU.ActiveCfg = Release|Any CPU
		{00D2EB98-A8A5-45D5-8CDD-22BBA622A166}.Release|Any CPU.Build.0 = Release|Any CPU
		{B5A47E10-0B81-4C93-8F64-E29911332279}.Debug|Any CPU.ActiveCfg = Debug|Any CPU
		{B5A47E10-0B81-4C93-8F64-E29911332279}.Debug|Any CPU.Build.0 = Debug|Any CPU
		{B5A47E10-0B81-4C93-8F64-E29911332279}.Release|Any CPU.ActiveCfg = Release|Any CPU
		{B5A47E10-0B81-4C93-8F64-E29911332279}.Release|Any CPU.Build.0 = Release|Any CPU
		{E988CBF7-BE63-4246-8239-FE1EFBF50FCA}.Debug|Any CPU.ActiveCfg = Debug|Any CPU
		{E988CBF7-BE63-4246-8239-FE1EFBF50FCA}.Debug|Any CPU.Build.0 = Debug|Any CPU
		{E988CBF7-BE63-4246-8239-FE1EFBF50FCA}.Release|Any CPU.ActiveCfg = Release|Any CPU
		{E988CBF7-BE63-4246-8239-FE1EFBF50FCA}.Release|Any CPU.Build.0 = Release|Any CPU
		{8A350027-7BA0-4FB3-9454-4B6339B78D81}.Debug|Any CPU.ActiveCfg = Debug|Any CPU
		{8A350027-7BA0-4FB3-9454-4B6339B78D81}.Debug|Any CPU.Build.0 = Debug|Any CPU
		{8A350027-7BA0-4FB3-9454-4B6339B78D81}.Release|Any CPU.ActiveCfg = Release|Any CPU
		{8A350027-7BA0-4FB3-9454-4B6339B78D81}.Release|Any CPU.Build.0 = Release|Any CPU
		{E248BE3B-A560-4C27-9A1D-8B332DEF11DB}.Debug|Any CPU.ActiveCfg = Debug|Any CPU
		{E248BE3B-A560-4C27-9A1D-8B332DEF11DB}.Debug|Any CPU.Build.0 = Debug|Any CPU
		{E248BE3B-A560-4C27-9A1D-8B332DEF11DB}.Release|Any CPU.ActiveCfg = Release|Any CPU
		{E248BE3B-A560-4C27-9A1D-8B332DEF11DB}.Release|Any CPU.Build.0 = Release|Any CPU
		{109EC7F7-AFDB-4DED-9FDE-6613B80A6423}.Debug|Any CPU.ActiveCfg = Debug|Any CPU
		{109EC7F7-AFDB-4DED-9FDE-6613B80A6423}.Debug|Any CPU.Build.0 = Debug|Any CPU
		{109EC7F7-AFDB-4DED-9FDE-6613B80A6423}.Release|Any CPU.ActiveCfg = Release|Any CPU
		{109EC7F7-AFDB-4DED-9FDE-6613B80A6423}.Release|Any CPU.Build.0 = Release|Any CPU
		{A9C63408-A5D2-4F1A-A9D3-CC25504C9654}.Debug|Any CPU.ActiveCfg = Debug|Any CPU
		{A9C63408-A5D2-4F1A-A9D3-CC25504C9654}.Debug|Any CPU.Build.0 = Debug|Any CPU
		{A9C63408-A5D2-4F1A-A9D3-CC25504C9654}.Release|Any CPU.ActiveCfg = Release|Any CPU
		{A9C63408-A5D2-4F1A-A9D3-CC25504C9654}.Release|Any CPU.Build.0 = Release|Any CPU
		{9EE801F7-3EF4-4B33-810E-A25E623CEE85}.Debug|Any CPU.ActiveCfg = Debug|Any CPU
		{9EE801F7-3EF4-4B33-810E-A25E623CEE85}.Debug|Any CPU.Build.0 = Debug|Any CPU
		{9EE801F7-3EF4-4B33-810E-A25E623CEE85}.Release|Any CPU.ActiveCfg = Release|Any CPU
		{9EE801F7-3EF4-4B33-810E-A25E623CEE85}.Release|Any CPU.Build.0 = Release|Any CPU
		{D4004F34-AD31-482B-BE93-0D7B303DA704}.Debug|Any CPU.ActiveCfg = Debug|Any CPU
		{D4004F34-AD31-482B-BE93-0D7B303DA704}.Debug|Any CPU.Build.0 = Debug|Any CPU
		{D4004F34-AD31-482B-BE93-0D7B303DA704}.Release|Any CPU.ActiveCfg = Release|Any CPU
		{D4004F34-AD31-482B-BE93-0D7B303DA704}.Release|Any CPU.Build.0 = Release|Any CPU
		{CD6C5879-46FA-4963-9F51-7F116299578F}.Debug|Any CPU.ActiveCfg = Debug|Any CPU
		{CD6C5879-46FA-4963-9F51-7F116299578F}.Debug|Any CPU.Build.0 = Debug|Any CPU
		{CD6C5879-46FA-4963-9F51-7F116299578F}.Release|Any CPU.ActiveCfg = Release|Any CPU
		{CD6C5879-46FA-4963-9F51-7F116299578F}.Release|Any CPU.Build.0 = Release|Any CPU
		{DEEB09F1-A267-46EA-8604-5DD3C7AAC955}.Debug|Any CPU.ActiveCfg = Debug|Any CPU
		{DEEB09F1-A267-46EA-8604-5DD3C7AAC955}.Debug|Any CPU.Build.0 = Debug|Any CPU
		{DEEB09F1-A267-46EA-8604-5DD3C7AAC955}.Release|Any CPU.ActiveCfg = Release|Any CPU
		{DEEB09F1-A267-46EA-8604-5DD3C7AAC955}.Release|Any CPU.Build.0 = Release|Any CPU
	EndGlobalSection
	GlobalSection(SolutionProperties) = preSolution
		HideSolutionNode = FALSE
	EndGlobalSection
	GlobalSection(ExtensibilityGlobals) = postSolution
		SolutionGuid = {47956324-2706-4313-815F-1476E70FBE3A}
	EndGlobalSection
EndGlobal
